// !$*UTF8*$!
{
	archiveVersion = 1;
	classes = {
	};
	objectVersion = 77;
	objects = {

/* Begin PBXContainerItemProxy section */
		B6A3AF882E83A3E80076E33F /* PBXContainerItemProxy */ = {
			isa = PBXContainerItemProxy;
			containerPortal = B6A3AF6F2E83A3E60076E33F /* Project object */;
			proxyType = 1;
			remoteGlobalIDString = B6A3AF762E83A3E60076E33F;
			remoteInfo = Homework6_Stephen_David;
		};
		B6A3AF922E83A3E80076E33F /* PBXContainerItemProxy */ = {
			isa = PBXContainerItemProxy;
			containerPortal = B6A3AF6F2E83A3E60076E33F /* Project object */;
			proxyType = 1;
			remoteGlobalIDString = B6A3AF762E83A3E60076E33F;
			remoteInfo = Homework6_Stephen_David;
		};
/* End PBXContainerItemProxy section */

/* Begin PBXFileReference section */
		B6A3AF772E83A3E60076E33F /* Homework6_Stephen_David.app */ = {isa = PBXFileReference; explicitFileType = wrapper.application; includeInIndex = 0; path = Homework6_Stephen_David.app; sourceTree = BUILT_PRODUCTS_DIR; };
		B6A3AF872E83A3E80076E33F /* Homework6_Stephen_DavidTests.xctest */ = {isa = PBXFileReference; explicitFileType = wrapper.cfbundle; includeInIndex = 0; path = Homework6_Stephen_DavidTests.xctest; sourceTree = BUILT_PRODUCTS_DIR; };
		B6A3AF912E83A3E80076E33F /* Homework6_Stephen_DavidUITests.xctest */ = {isa = PBXFileReference; explicitFileType = wrapper.cfbundle; includeInIndex = 0; path = Homework6_Stephen_DavidUITests.xctest; sourceTree = BUILT_PRODUCTS_DIR; };
/* End PBXFileReference section */

/* Begin PBXFileSystemSynchronizedRootGroup section */
		B6A3AF792E83A3E60076E33F /* Homework6_Stephen_David */ = {
			isa = PBXFileSystemSynchronizedRootGroup;
			path = Homework6_Stephen_David;
			sourceTree = "<group>";
		};
		B6A3AF8A2E83A3E80076E33F /* Homework6_Stephen_DavidTests */ = {
			isa = PBXFileSystemSynchronizedRootGroup;
			path = Homework6_Stephen_DavidTests;
			sourceTree = "<group>";
		};
		B6A3AF942E83A3E80076E33F /* Homework6_Stephen_DavidUITests */ = {
			isa = PBXFileSystemSynchronizedRootGroup;
			path = Homework6_Stephen_DavidUITests;
			sourceTree = "<group>";
		};
/* End PBXFileSystemSynchronizedRootGroup section */

/* Begin PBXFrameworksBuildPhase section */
		B6A3AF742E83A3E60076E33F /* Frameworks */ = {
			isa = PBXFrameworksBuildPhase;
			buildActionMask = 2147483647;
			files = (
			);
			runOnlyForDeploymentPostprocessing = 0;
		};
		B6A3AF842E83A3E80076E33F /* Frameworks */ = {
			isa = PBXFrameworksBuildPhase;
			buildActionMask = 2147483647;
			files = (
			);
			runOnlyForDeploymentPostprocessing = 0;
		};
		B6A3AF8E2E83A3E80076E33F /* Frameworks */ = {
			isa = PBXFrameworksBuildPhase;
			buildActionMask = 2147483647;
			files = (
			);
			runOnlyForDeploymentPostprocessing = 0;
		};
/* End PBXFrameworksBuildPhase section */

/* Begin PBXGroup section */
		B6A3AF6E2E83A3E60076E33F = {
			isa = PBXGroup;
			children = (
				B6A3AF792E83A3E60076E33F /* Homework6_Stephen_David */,
				B6A3AF8A2E83A3E80076E33F /* Homework6_Stephen_DavidTests */,
				B6A3AF942E83A3E80076E33F /* Homework6_Stephen_DavidUITests */,
				B6A3AF782E83A3E60076E33F /* Products */,
			);
			sourceTree = "<group>";
		};
		B6A3AF782E83A3E60076E33F /* Products */ = {
			isa = PBXGroup;
			children = (
				B6A3AF772E83A3E60076E33F /* Homework6_Stephen_David.app */,
				B6A3AF872E83A3E80076E33F /* Homework6_Stephen_DavidTests.xctest */,
				B6A3AF912E83A3E80076E33F /* Homework6_Stephen_DavidUITests.xctest */,
			);
			name = Products;
			sourceTree = "<group>";
		};
/* End PBXGroup section */

/* Begin PBXNativeTarget section */
		B6A3AF762E83A3E60076E33F /* Homework6_Stephen_David */ = {
			isa = PBXNativeTarget;
			buildConfigurationList = B6A3AF9B2E83A3E80076E33F /* Build configuration list for PBXNativeTarget "Homework6_Stephen_David" */;
			buildPhases = (
				B6A3AF732E83A3E60076E33F /* Sources */,
				B6A3AF742E83A3E60076E33F /* Frameworks */,
				B6A3AF752E83A3E60076E33F /* Resources */,
			);
			buildRules = (
			);
			dependencies = (
			);
			fileSystemSynchronizedGroups = (
				B6A3AF792E83A3E60076E33F /* Homework6_Stephen_David */,
			);
			name = Homework6_Stephen_David;
			packageProductDependencies = (
			);
			productName = Homework6_Stephen_David;
			productReference = B6A3AF772E83A3E60076E33F /* Homework6_Stephen_David.app */;
			productType = "com.apple.product-type.application";
		};
		B6A3AF862E83A3E80076E33F /* Homework6_Stephen_DavidTests */ = {
			isa = PBXNativeTarget;
			buildConfigurationList = B6A3AF9E2E83A3E80076E33F /* Build configuration list for PBXNativeTarget "Homework6_Stephen_DavidTests" */;
			buildPhases = (
				B6A3AF832E83A3E80076E33F /* Sources */,
				B6A3AF842E83A3E80076E33F /* Frameworks */,
				B6A3AF852E83A3E80076E33F /* Resources */,
			);
			buildRules = (
			);
			dependencies = (
				B6A3AF892E83A3E80076E33F /* PBXTargetDependency */,
			);
			fileSystemSynchronizedGroups = (
				B6A3AF8A2E83A3E80076E33F /* Homework6_Stephen_DavidTests */,
			);
			name = Homework6_Stephen_DavidTests;
			packageProductDependencies = (
			);
			productName = Homework6_Stephen_DavidTests;
			productReference = B6A3AF872E83A3E80076E33F /* Homework6_Stephen_DavidTests.xctest */;
			productType = "com.apple.product-type.bundle.unit-test";
		};
		B6A3AF902E83A3E80076E33F /* Homework6_Stephen_DavidUITests */ = {
			isa = PBXNativeTarget;
			buildConfigurationList = B6A3AFA12E83A3E80076E33F /* Build configuration list for PBXNativeTarget "Homework6_Stephen_DavidUITests" */;
			buildPhases = (
				B6A3AF8D2E83A3E80076E33F /* Sources */,
				B6A3AF8E2E83A3E80076E33F /* Frameworks */,
				B6A3AF8F2E83A3E80076E33F /* Resources */,
			);
			buildRules = (
			);
			dependencies = (
				B6A3AF932E83A3E80076E33F /* PBXTargetDependency */,
			);
			fileSystemSynchronizedGroups = (
				B6A3AF942E83A3E80076E33F /* Homework6_Stephen_DavidUITests */,
			);
			name = Homework6_Stephen_DavidUITests;
			packageProductDependencies = (
			);
			productName = Homework6_Stephen_DavidUITests;
			productReference = B6A3AF912E83A3E80076E33F /* Homework6_Stephen_DavidUITests.xctest */;
			productType = "com.apple.product-type.bundle.ui-testing";
		};
/* End PBXNativeTarget section */

/* Begin PBXProject section */
		B6A3AF6F2E83A3E60076E33F /* Project object */ = {
			isa = PBXProject;
			attributes = {
				BuildIndependentTargetsInParallel = 1;
				LastSwiftUpdateCheck = 1620;
				LastUpgradeCheck = 1620;
				TargetAttributes = {
					B6A3AF762E83A3E60076E33F = {
						CreatedOnToolsVersion = 16.2;
					};
					B6A3AF862E83A3E80076E33F = {
						CreatedOnToolsVersion = 16.2;
						TestTargetID = B6A3AF762E83A3E60076E33F;
					};
					B6A3AF902E83A3E80076E33F = {
						CreatedOnToolsVersion = 16.2;
						TestTargetID = B6A3AF762E83A3E60076E33F;
					};
				};
			};
			buildConfigurationList = B6A3AF722E83A3E60076E33F /* Build configuration list for PBXProject "Homework6_Stephen_David" */;
			developmentRegion = en;
			hasScannedForEncodings = 0;
			knownRegions = (
				en,
				Base,
			);
			mainGroup = B6A3AF6E2E83A3E60076E33F;
			minimizedProjectReferenceProxies = 1;
			preferredProjectObjectVersion = 77;
			productRefGroup = B6A3AF782E83A3E60076E33F /* Products */;
			projectDirPath = "";
			projectRoot = "";
			targets = (
				B6A3AF762E83A3E60076E33F /* Homework6_Stephen_David */,
				B6A3AF862E83A3E80076E33F /* Homework6_Stephen_DavidTests */,
				B6A3AF902E83A3E80076E33F /* Homework6_Stephen_DavidUITests */,
			);
		};
/* End PBXProject section */

/* Begin PBXResourcesBuildPhase section */
		B6A3AF752E83A3E60076E33F /* Resources */ = {
			isa = PBXResourcesBuildPhase;
			buildActionMask = 2147483647;
			files = (
			);
			runOnlyForDeploymentPostprocessing = 0;
		};
		B6A3AF852E83A3E80076E33F /* Resources */ = {
			isa = PBXResourcesBuildPhase;
			buildActionMask = 2147483647;
			files = (
			);
			runOnlyForDeploymentPostprocessing = 0;
		};
		B6A3AF8F2E83A3E80076E33F /* Resources */ = {
			isa = PBXResourcesBuildPhase;
			buildActionMask = 2147483647;
			files = (
			);
			runOnlyForDeploymentPostprocessing = 0;
		};
/* End PBXResourcesBuildPhase section */

/* Begin PBXSourcesBuildPhase section */
		B6A3AF732E83A3E60076E33F /* Sources */ = {
			isa = PBXSourcesBuildPhase;
			buildActionMask = 2147483647;
			files = (
			);
			runOnlyForDeploymentPostprocessing = 0;
		};
		B6A3AF832E83A3E80076E33F /* Sources */ = {
			isa = PBXSourcesBuildPhase;
			buildActionMask = 2147483647;
			files = (
			);
			runOnlyForDeploymentPostprocessing = 0;
		};
		B6A3AF8D2E83A3E80076E33F /* Sources */ = {
			isa = PBXSourcesBuildPhase;
			buildActionMask = 2147483647;
			files = (
			);
			runOnlyForDeploymentPostprocessing = 0;
		};
/* End PBXSourcesBuildPhase section */

/* Begin PBXTargetDependency section */
		B6A3AF892E83A3E80076E33F /* PBXTargetDependency */ = {
			isa = PBXTargetDependency;
			target = B6A3AF762E83A3E60076E33F /* Homework6_Stephen_David */;
			targetProxy = B6A3AF882E83A3E80076E33F /* PBXContainerItemProxy */;
		};
		B6A3AF932E83A3E80076E33F /* PBXTargetDependency */ = {
			isa = PBXTargetDependency;
			target = B6A3AF762E83A3E60076E33F /* Homework6_Stephen_David */;
			targetProxy = B6A3AF922E83A3E80076E33F /* PBXContainerItemProxy */;
		};
/* End PBXTargetDependency section */

/* Begin XCBuildConfiguration section */
		B6A3AF992E83A3E80076E33F /* Debug */ = {
			isa = XCBuildConfiguration;
			buildSettings = {
				ALWAYS_SEARCH_USER_PATHS = NO;
				ASSETCATALOG_COMPILER_GENERATE_SWIFT_ASSET_SYMBOL_EXTENSIONS = YES;
				CLANG_ANALYZER_NONNULL = YES;
				CLANG_ANALYZER_NUMBER_OBJECT_CONVERSION = YES_AGGRESSIVE;
				CLANG_CXX_LANGUAGE_STANDARD = "gnu++20";
				CLANG_ENABLE_MODULES = YES;
				CLANG_ENABLE_OBJC_ARC = YES;
				CLANG_ENABLE_OBJC_WEAK = YES;
				CLANG_WARN_BLOCK_CAPTURE_AUTORELEASING = YES;
				CLANG_WARN_BOOL_CONVERSION = YES;
				CLANG_WARN_COMMA = YES;
				CLANG_WARN_CONSTANT_CONVERSION = YES;
				CLANG_WARN_DEPRECATED_OBJC_IMPLEMENTATIONS = YES;
				CLANG_WARN_DIRECT_OBJC_ISA_USAGE = YES_ERROR;
				CLANG_WARN_DOCUMENTATION_COMMENTS = YES;
				CLANG_WARN_EMPTY_BODY = YES;
				CLANG_WARN_ENUM_CONVERSION = YES;
				CLANG_WARN_INFINITE_RECURSION = YES;
				CLANG_WARN_INT_CONVERSION = YES;
				CLANG_WARN_NON_LITERAL_NULL_CONVERSION = YES;
				CLANG_WARN_OBJC_IMPLICIT_RETAIN_SELF = YES;
				CLANG_WARN_OBJC_LITERAL_CONVERSION = YES;
				CLANG_WARN_OBJC_ROOT_CLASS = YES_ERROR;
				CLANG_WARN_QUOTED_INCLUDE_IN_FRAMEWORK_HEADER = YES;
				CLANG_WARN_RANGE_LOOP_ANALYSIS = YES;
				CLANG_WARN_STRICT_PROTOTYPES = YES;
				CLANG_WARN_SUSPICIOUS_MOVE = YES;
				CLANG_WARN_UNGUARDED_AVAILABILITY = YES_AGGRESSIVE;
				CLANG_WARN_UNREACHABLE_CODE = YES;
				CLANG_WARN__DUPLICATE_METHOD_MATCH = YES;
				COPY_PHASE_STRIP = NO;
				DEBUG_INFORMATION_FORMAT = dwarf;
				ENABLE_STRICT_OBJC_MSGSEND = YES;
				ENABLE_TESTABILITY = YES;
				ENABLE_USER_SCRIPT_SANDBOXING = YES;
				GCC_C_LANGUAGE_STANDARD = gnu17;
				GCC_DYNAMIC_NO_PIC = NO;
				GCC_NO_COMMON_BLOCKS = YES;
				GCC_OPTIMIZATION_LEVEL = 0;
				GCC_PREPROCESSOR_DEFINITIONS = (
					"DEBUG=1",
					"$(inherited)",
				);
				GCC_WARN_64_TO_32_BIT_CONVERSION = YES;
				GCC_WARN_ABOUT_RETURN_TYPE = YES_ERROR;
				GCC_WARN_UNDECLARED_SELECTOR = YES;
				GCC_WARN_UNINITIALIZED_AUTOS = YES_AGGRESSIVE;
				GCC_WARN_UNUSED_FUNCTION = YES;
				GCC_WARN_UNUSED_VARIABLE = YES;
				IPHONEOS_DEPLOYMENT_TARGET = 18.2;
				LOCALIZATION_PREFERS_STRING_CATALOGS = YES;
				MTL_ENABLE_DEBUG_INFO = INCLUDE_SOURCE;
				MTL_FAST_MATH = YES;
				ONLY_ACTIVE_ARCH = YES;
				SDKROOT = iphoneos;
				SWIFT_ACTIVE_COMPILATION_CONDITIONS = "DEBUG $(inherited)";
				SWIFT_OPTIMIZATION_LEVEL = "-Onone";
			};
			name = Debug;
		};
		B6A3AF9A2E83A3E80076E33F /* Release */ = {
			isa = XCBuildConfiguration;
			buildSettings = {
				ALWAYS_SEARCH_USER_PATHS = NO;
				ASSETCATALOG_COMPILER_GENERATE_SWIFT_ASSET_SYMBOL_EXTENSIONS = YES;
				CLANG_ANALYZER_NONNULL = YES;
				CLANG_ANALYZER_NUMBER_OBJECT_CONVERSION = YES_AGGRESSIVE;
				CLANG_CXX_LANGUAGE_STANDARD = "gnu++20";
				CLANG_ENABLE_MODULES = YES;
				CLANG_ENABLE_OBJC_ARC = YES;
				CLANG_ENABLE_OBJC_WEAK = YES;
				CLANG_WARN_BLOCK_CAPTURE_AUTORELEASING = YES;
				CLANG_WARN_BOOL_CONVERSION = YES;
				CLANG_WARN_COMMA = YES;
				CLANG_WARN_CONSTANT_CONVERSION = YES;
				CLANG_WARN_DEPRECATED_OBJC_IMPLEMENTATIONS = YES;
				CLANG_WARN_DIRECT_OBJC_ISA_USAGE = YES_ERROR;
				CLANG_WARN_DOCUMENTATION_COMMENTS = YES;
				CLANG_WARN_EMPTY_BODY = YES;
				CLANG_WARN_ENUM_CONVERSION = YES;
				CLANG_WARN_INFINITE_RECURSION = YES;
				CLANG_WARN_INT_CONVERSION = YES;
				CLANG_WARN_NON_LITERAL_NULL_CONVERSION = YES;
				CLANG_WARN_OBJC_IMPLICIT_RETAIN_SELF = YES;
				CLANG_WARN_OBJC_LITERAL_CONVERSION = YES;
				CLANG_WARN_OBJC_ROOT_CLASS = YES_ERROR;
				CLANG_WARN_QUOTED_INCLUDE_IN_FRAMEWORK_HEADER = YES;
				CLANG_WARN_RANGE_LOOP_ANALYSIS = YES;
				CLANG_WARN_STRICT_PROTOTYPES = YES;
				CLANG_WARN_SUSPICIOUS_MOVE = YES;
				CLANG_WARN_UNGUARDED_AVAILABILITY = YES_AGGRESSIVE;
				CLANG_WARN_UNREACHABLE_CODE = YES;
				CLANG_WARN__DUPLICATE_METHOD_MATCH = YES;
				COPY_PHASE_STRIP = NO;
				DEBUG_INFORMATION_FORMAT = "dwarf-with-dsym";
				ENABLE_NS_ASSERTIONS = NO;
				ENABLE_STRICT_OBJC_MSGSEND = YES;
				ENABLE_USER_SCRIPT_SANDBOXING = YES;
				GCC_C_LANGUAGE_STANDARD = gnu17;
				GCC_NO_COMMON_BLOCKS = YES;
				GCC_WARN_64_TO_32_BIT_CONVERSION = YES;
				GCC_WARN_ABOUT_RETURN_TYPE = YES_ERROR;
				GCC_WARN_UNDECLARED_SELECTOR = YES;
				GCC_WARN_UNINITIALIZED_AUTOS = YES_AGGRESSIVE;
				GCC_WARN_UNUSED_FUNCTION = YES;
				GCC_WARN_UNUSED_VARIABLE = YES;
				IPHONEOS_DEPLOYMENT_TARGET = 18.2;
				LOCALIZATION_PREFERS_STRING_CATALOGS = YES;
				MTL_ENABLE_DEBUG_INFO = NO;
				MTL_FAST_MATH = YES;
				SDKROOT = iphoneos;
				SWIFT_COMPILATION_MODE = wholemodule;
				VALIDATE_PRODUCT = YES;
			};
			name = Release;
		};
		B6A3AF9C2E83A3E80076E33F /* Debug */ = {
			isa = XCBuildConfiguration;
			buildSettings = {
				ASSETCATALOG_COMPILER_APPICON_NAME = AppIcon;
				ASSETCATALOG_COMPILER_GLOBAL_ACCENT_COLOR_NAME = AccentColor;
				CODE_SIGN_STYLE = Automatic;
				CURRENT_PROJECT_VERSION = 1;
				DEVELOPMENT_ASSET_PATHS = "\"Homework6_Stephen_David/Preview Content\"";
				ENABLE_PREVIEWS = YES;
				GENERATE_INFOPLIST_FILE = YES;
				INFOPLIST_KEY_UIApplicationSceneManifest_Generation = YES;
				INFOPLIST_KEY_UIApplicationSupportsIndirectInputEvents = YES;
				INFOPLIST_KEY_UILaunchScreen_Generation = YES;
				INFOPLIST_KEY_UISupportedInterfaceOrientations_iPad = "UIInterfaceOrientationPortrait UIInterfaceOrientationPortraitUpsideDown UIInterfaceOrientationLandscapeLeft UIInterfaceOrientationLandscapeRight";
				INFOPLIST_KEY_UISupportedInterfaceOrientations_iPhone = "UIInterfaceOrientationPortrait UIInterfaceOrientationLandscapeLeft UIInterfaceOrientationLandscapeRight";
				LD_RUNPATH_SEARCH_PATHS = (
					"$(inherited)",
					"@executable_path/Frameworks",
				);
				MARKETING_VERSION = 1.0;
				PRODUCT_BUNDLE_IDENTIFIER = "com.david.Homework6-Stephen-David";
				PRODUCT_NAME = "$(TARGET_NAME)";
				SWIFT_EMIT_LOC_STRINGS = YES;
				SWIFT_VERSION = 5.0;
				TARGETED_DEVICE_FAMILY = "1,2";
			};
			name = Debug;
		};
		B6A3AF9D2E83A3E80076E33F /* Release */ = {
			isa = XCBuildConfiguration;
			buildSettings = {
				ASSETCATALOG_COMPILER_APPICON_NAME = AppIcon;
				ASSETCATALOG_COMPILER_GLOBAL_ACCENT_COLOR_NAME = AccentColor;
				CODE_SIGN_STYLE = Automatic;
				CURRENT_PROJECT_VERSION = 1;
				DEVELOPMENT_ASSET_PATHS = "\"Homework6_Stephen_David/Preview Content\"";
				ENABLE_PREVIEWS = YES;
				GENERATE_INFOPLIST_FILE = YES;
				INFOPLIST_KEY_UIApplicationSceneManifest_Generation = YES;
				INFOPLIST_KEY_UIApplicationSupportsIndirectInputEvents = YES;
				INFOPLIST_KEY_UILaunchScreen_Generation = YES;
				INFOPLIST_KEY_UISupportedInterfaceOrientations_iPad = "UIInterfaceOrientationPortrait UIInterfaceOrientationPortraitUpsideDown UIInterfaceOrientationLandscapeLeft UIInterfaceOrientationLandscapeRight";
				INFOPLIST_KEY_UISupportedInterfaceOrientations_iPhone = "UIInterfaceOrientationPortrait UIInterfaceOrientationLandscapeLeft UIInterfaceOrientationLandscapeRight";
				LD_RUNPATH_SEARCH_PATHS = (
					"$(inherited)",
					"@executable_path/Frameworks",
				);
				MARKETING_VERSION = 1.0;
				PRODUCT_BUNDLE_IDENTIFIER = "com.david.Homework6-Stephen-David";
				PRODUCT_NAME = "$(TARGET_NAME)";
				SWIFT_EMIT_LOC_STRINGS = YES;
				SWIFT_VERSION = 5.0;
				TARGETED_DEVICE_FAMILY = "1,2";
			};
			name = Release;
		};
		B6A3AF9F2E83A3E80076E33F /* Debug */ = {
			isa = XCBuildConfiguration;
			buildSettings = {
				BUNDLE_LOADER = "$(TEST_HOST)";
				CODE_SIGN_STYLE = Automatic;
				CURRENT_PROJECT_VERSION = 1;
				GENERATE_INFOPLIST_FILE = YES;
				IPHONEOS_DEPLOYMENT_TARGET = 18.2;
				MARKETING_VERSION = 1.0;
				PRODUCT_BUNDLE_IDENTIFIER = "com.david.Homework6-Stephen-DavidTests";
				PRODUCT_NAME = "$(TARGET_NAME)";
				SWIFT_EMIT_LOC_STRINGS = NO;
				SWIFT_VERSION = 5.0;
				TARGETED_DEVICE_FAMILY = "1,2";
				TEST_HOST = "$(BUILT_PRODUCTS_DIR)/Homework6_Stephen_David.app/$(BUNDLE_EXECUTABLE_FOLDER_PATH)/Homework6_Stephen_David";
			};
			name = Debug;
		};
		B6A3AFA02E83A3E80076E33F /* Release */ = {
			isa = XCBuildConfiguration;
			buildSettings = {
				BUNDLE_LOADER = "$(TEST_HOST)";
				CODE_SIGN_STYLE = Automatic;
				CURRENT_PROJECT_VERSION = 1;
				GENERATE_INFOPLIST_FILE = YES;
				IPHONEOS_DEPLOYMENT_TARGET = 18.2;
				MARKETING_VERSION = 1.0;
				PRODUCT_BUNDLE_IDENTIFIER = "com.david.Homework6-Stephen-DavidTests";
				PRODUCT_NAME = "$(TARGET_NAME)";
				SWIFT_EMIT_LOC_STRINGS = NO;
				SWIFT_VERSION = 5.0;
				TARGETED_DEVICE_FAMILY = "1,2";
				TEST_HOST = "$(BUILT_PRODUCTS_DIR)/Homework6_Stephen_David.app/$(BUNDLE_EXECUTABLE_FOLDER_PATH)/Homework6_Stephen_David";
			};
			name = Release;
		};
		B6A3AFA22E83A3E80076E33F /* Debug */ = {
			isa = XCBuildConfiguration;
			buildSettings = {
				CODE_SIGN_STYLE = Automatic;
				CURRENT_PROJECT_VERSION = 1;
				GENERATE_INFOPLIST_FILE = YES;
				MARKETING_VERSION = 1.0;
				PRODUCT_BUNDLE_IDENTIFIER = "com.david.Homework6-Stephen-DavidUITests";
				PRODUCT_NAME = "$(TARGET_NAME)";
				SWIFT_EMIT_LOC_STRINGS = NO;
				SWIFT_VERSION = 5.0;
				TARGETED_DEVICE_FAMILY = "1,2";
				TEST_TARGET_NAME = Homework6_Stephen_David;
			};
			name = Debug;
		};
		B6A3AFA32E83A3E80076E33F /* Release */ = {
			isa = XCBuildConfiguration;
			buildSettings = {
				CODE_SIGN_STYLE = Automatic;
				CURRENT_PROJECT_VERSION = 1;
				GENERATE_INFOPLIST_FILE = YES;
				MARKETING_VERSION = 1.0;
				PRODUCT_BUNDLE_IDENTIFIER = "com.david.Homework6-Stephen-DavidUITests";
				PRODUCT_NAME = "$(TARGET_NAME)";
				SWIFT_EMIT_LOC_STRINGS = NO;
				SWIFT_VERSION = 5.0;
				TARGETED_DEVICE_FAMILY = "1,2";
				TEST_TARGET_NAME = Homework6_Stephen_David;
			};
			name = Release;
		};
/* End XCBuildConfiguration section */

/* Begin XCConfigurationList section */
		B6A3AF722E83A3E60076E33F /* Build configuration list for PBXProject "Homework6_Stephen_David" */ = {
			isa = XCConfigurationList;
			buildConfigurations = (
				B6A3AF992E83A3E80076E33F /* Debug */,
				B6A3AF9A2E83A3E80076E33F /* Release */,
			);
			defaultConfigurationIsVisible = 0;
			defaultConfigurationName = Release;
		};
		B6A3AF9B2E83A3E80076E33F /* Build configuration list for PBXNativeTarget "Homework6_Stephen_David" */ = {
			isa = XCConfigurationList;
			buildConfigurations = (
				B6A3AF9C2E83A3E80076E33F /* Debug */,
				B6A3AF9D2E83A3E80076E33F /* Release */,
			);
			defaultConfigurationIsVisible = 0;
			defaultConfigurationName = Release;
		};
		B6A3AF9E2E83A3E80076E33F /* Build configuration list for PBXNativeTarget "Homework6_Stephen_DavidTests" */ = {
			isa = XCConfigurationList;
			buildConfigurations = (
				B6A3AF9F2E83A3E80076E33F /* Debug */,
				B6A3AFA02E83A3E80076E33F /* Release */,
			);
			defaultConfigurationIsVisible = 0;
			defaultConfigurationName = Release;
		};
		B6A3AFA12E83A3E80076E33F /* Build configuration list for PBXNativeTarget "Homework6_Stephen_DavidUITests" */ = {
			isa = XCConfigurationList;
			buildConfigurations = (
				B6A3AFA22E83A3E80076E33F /* Debug */,
				B6A3AFA32E83A3E80076E33F /* Release */,
			);
			defaultConfigurationIsVisible = 0;
			defaultConfigurationName = Release;
		};
/* End XCConfigurationList section */
	};
	rootObject = B6A3AF6F2E83A3E60076E33F /* Project object */;
}
